github.com/ihzazaithar/go-say-hello v1.0.0 h1:S8keshBqElkazsyFhlYRfjAUnOjq+KYl5bOka6J1hv4=
github.com/ihzazaithar/go-say-hello v1.0.0/go.mod h1:/sublF5X1mariw3CnOBigYplN9cEY+mRV1xs+9HtrFk=
github.com/ihzazaithar/go-say-hello v1.5.0 h1:6PJEJTqG/+eAbVJq6d23posC82568rIVRmrnELKVdjA=
github.com/ihzazaithar/go-say-hello v1.5.0/go.mod h1:/sublF5X1mariw3CnOBigYplN9cEY+mRV1xs+9HtrFk=
github.com/ihzazaithar/go-say-hello/v2 v2.0.0 h1:wqDdmoeI1758zRDspMWkYLgZKAFOJmMA+EAxSVV/gns=
github.com/ihzazaithar/go-say-hello/v2 v2.0.0/go.mod h1:qon1Bb/9j91/iPM8DDeGOpKYx63+exNYPJdmDU4TDqk=
